// !$*UTF8*$!
{
	archiveVersion = 1;
	classes = {
	};
	objectVersion = 50;
	objects = {

/* Begin PBXBuildFile section */
		DB681962240C742800D56DD1 /* MoviesService.swift in Sources */ = {isa = PBXBuildFile; fileRef = DB681961240C742800D56DD1 /* MoviesService.swift */; };
		DB681964240C7C8500D56DD1 /* Extension.swift in Sources */ = {isa = PBXBuildFile; fileRef = DB681963240C7C8500D56DD1 /* Extension.swift */; };
		DB931E1A24100453007663A0 /* EnvironmentValues.swift in Sources */ = {isa = PBXBuildFile; fileRef = DB931E1924100453007663A0 /* EnvironmentValues.swift */; };
		EFD03DE423FFEF1E0063B006 /* AppDelegate.swift in Sources */ = {isa = PBXBuildFile; fileRef = EFD03DE323FFEF1E0063B006 /* AppDelegate.swift */; };
		EFD03DE623FFEF1E0063B006 /* SceneDelegate.swift in Sources */ = {isa = PBXBuildFile; fileRef = EFD03DE523FFEF1E0063B006 /* SceneDelegate.swift */; };
		EFD03DE823FFEF1E0063B006 /* ContentView.swift in Sources */ = {isa = PBXBuildFile; fileRef = EFD03DE723FFEF1E0063B006 /* ContentView.swift */; };
		EFD03DEA23FFEF1F0063B006 /* Assets.xcassets in Resources */ = {isa = PBXBuildFile; fileRef = EFD03DE923FFEF1F0063B006 /* Assets.xcassets */; };
		EFD03DED23FFEF1F0063B006 /* Preview Assets.xcassets in Resources */ = {isa = PBXBuildFile; fileRef = EFD03DEC23FFEF1F0063B006 /* Preview Assets.xcassets */; };
		EFD03DF023FFEF1F0063B006 /* LaunchScreen.storyboard in Resources */ = {isa = PBXBuildFile; fileRef = EFD03DEE23FFEF1F0063B006 /* LaunchScreen.storyboard */; };
		EFD03DF823FFEFE90063B006 /* Resourse.swift in Sources */ = {isa = PBXBuildFile; fileRef = EFD03DF723FFEFE90063B006 /* Resourse.swift */; };
		EFD03DFC23FFF1380063B006 /* Localizable.strings in Resources */ = {isa = PBXBuildFile; fileRef = EFD03DFE23FFF1380063B006 /* Localizable.strings */; };
		EFD03E0123FFF6F00063B006 /* movies.json in Resources */ = {isa = PBXBuildFile; fileRef = EFD03E0023FFF6F00063B006 /* movies.json */; };
/* End PBXBuildFile section */

/* Begin PBXFileReference section */
		DB681961240C742800D56DD1 /* MoviesService.swift */ = {isa = PBXFileReference; lastKnownFileType = sourcecode.swift; path = MoviesService.swift; sourceTree = "<group>"; };
		DB681963240C7C8500D56DD1 /* Extension.swift */ = {isa = PBXFileReference; lastKnownFileType = sourcecode.swift; path = Extension.swift; sourceTree = "<group>"; };
		DB931E1924100453007663A0 /* EnvironmentValues.swift */ = {isa = PBXFileReference; lastKnownFileType = sourcecode.swift; path = EnvironmentValues.swift; sourceTree = "<group>"; };
		EFD03DE023FFEF1E0063B006 /* SwiftWars.app */ = {isa = PBXFileReference; explicitFileType = wrapper.application; includeInIndex = 0; path = SwiftWars.app; sourceTree = BUILT_PRODUCTS_DIR; };
		EFD03DE323FFEF1E0063B006 /* AppDelegate.swift */ = {isa = PBXFileReference; lastKnownFileType = sourcecode.swift; path = AppDelegate.swift; sourceTree = "<group>"; };
		EFD03DE523FFEF1E0063B006 /* SceneDelegate.swift */ = {isa = PBXFileReference; lastKnownFileType = sourcecode.swift; path = SceneDelegate.swift; sourceTree = "<group>"; };
		EFD03DE723FFEF1E0063B006 /* ContentView.swift */ = {isa = PBXFileReference; lastKnownFileType = sourcecode.swift; path = ContentView.swift; sourceTree = "<group>"; };
		EFD03DE923FFEF1F0063B006 /* Assets.xcassets */ = {isa = PBXFileReference; lastKnownFileType = folder.assetcatalog; path = Assets.xcassets; sourceTree = "<group>"; };
		EFD03DEC23FFEF1F0063B006 /* Preview Assets.xcassets */ = {isa = PBXFileReference; lastKnownFileType = folder.assetcatalog; path = "Preview Assets.xcassets"; sourceTree = "<group>"; };
		EFD03DEF23FFEF1F0063B006 /* Base */ = {isa = PBXFileReference; lastKnownFileType = file.storyboard; name = Base; path = Base.lproj/LaunchScreen.storyboard; sourceTree = "<group>"; };
		EFD03DF123FFEF1F0063B006 /* Info.plist */ = {isa = PBXFileReference; lastKnownFileType = text.plist.xml; path = Info.plist; sourceTree = "<group>"; };
		EFD03DF723FFEFE90063B006 /* Resourse.swift */ = {isa = PBXFileReference; lastKnownFileType = sourcecode.swift; path = Resourse.swift; sourceTree = "<group>"; };
		EFD03DF923FFF0FF0063B006 /* ru */ = {isa = PBXFileReference; lastKnownFileType = text.plist.strings; name = ru; path = ru.lproj/LaunchScreen.strings; sourceTree = "<group>"; };
		EFD03DFD23FFF1380063B006 /* en */ = {isa = PBXFileReference; lastKnownFileType = text.plist.strings; name = en; path = en.lproj/Localizable.strings; sourceTree = "<group>"; };
		EFD03DFF23FFF13B0063B006 /* ru */ = {isa = PBXFileReference; lastKnownFileType = text.plist.strings; name = ru; path = ru.lproj/Localizable.strings; sourceTree = "<group>"; };
		EFD03E0023FFF6F00063B006 /* movies.json */ = {isa = PBXFileReference; lastKnownFileType = text.json; path = movies.json; sourceTree = "<group>"; };
/* End PBXFileReference section */

/* Begin PBXFrameworksBuildPhase section */
		EFD03DDD23FFEF1E0063B006 /* Frameworks */ = {
			isa = PBXFrameworksBuildPhase;
			buildActionMask = 2147483647;
			files = (
			);
			runOnlyForDeploymentPostprocessing = 0;
		};
/* End PBXFrameworksBuildPhase section */

/* Begin PBXGroup section */
		DB681960240C741900D56DD1 /* Utils */ = {
			isa = PBXGroup;
			children = (
				DB681961240C742800D56DD1 /* MoviesService.swift */,
				DB681963240C7C8500D56DD1 /* Extension.swift */,
			);
			path = Utils;
			sourceTree = "<group>";
		};
		DB7C538824088B9E00942260 /* SupportResources */ = {
			isa = PBXGroup;
			children = (
				DB681960240C741900D56DD1 /* Utils */,
				EFD03DEB23FFEF1F0063B006 /* Preview Content */,
				EFD03DE923FFEF1F0063B006 /* Assets.xcassets */,
				EFD03DE323FFEF1E0063B006 /* AppDelegate.swift */,
				EFD03DEE23FFEF1F0063B006 /* LaunchScreen.storyboard */,
				EFD03DF123FFEF1F0063B006 /* Info.plist */,
				EFD03DFE23FFF1380063B006 /* Localizable.strings */,
			);
			path = SupportResources;
			sourceTree = "<group>";
		};
		EFD03DD723FFEF1E0063B006 = {
			isa = PBXGroup;
			children = (
				EFD03DE223FFEF1E0063B006 /* SwiftWars */,
				EFD03DE123FFEF1E0063B006 /* Products */,
			);
			sourceTree = "<group>";
		};
		EFD03DE123FFEF1E0063B006 /* Products */ = {
			isa = PBXGroup;
			children = (
				EFD03DE023FFEF1E0063B006 /* SwiftWars.app */,
			);
			name = Products;
			sourceTree = "<group>";
		};
		EFD03DE223FFEF1E0063B006 /* SwiftWars */ = {
			isa = PBXGroup;
			children = (
				DB7C538824088B9E00942260 /* SupportResources */,
				DB931E1924100453007663A0 /* EnvironmentValues.swift */,
				EFD03DE523FFEF1E0063B006 /* SceneDelegate.swift */,
				EFD03DE723FFEF1E0063B006 /* ContentView.swift */,
				EFD03DF723FFEFE90063B006 /* Resourse.swift */,
				EFD03E0023FFF6F00063B006 /* movies.json */,
			);
			path = SwiftWars;
			sourceTree = "<group>";
		};
		EFD03DEB23FFEF1F0063B006 /* Preview Content */ = {
			isa = PBXGroup;
			children = (
				EFD03DEC23FFEF1F0063B006 /* Preview Assets.xcassets */,
			);
			path = "Preview Content";
			sourceTree = "<group>";
		};
/* End PBXGroup section */

/* Begin PBXNativeTarget section */
		EFD03DDF23FFEF1E0063B006 /* SwiftWars */ = {
			isa = PBXNativeTarget;
			buildConfigurationList = EFD03DF423FFEF1F0063B006 /* Build configuration list for PBXNativeTarget "SwiftWars" */;
			buildPhases = (
				EFD03DDC23FFEF1E0063B006 /* Sources */,
				EFD03DDD23FFEF1E0063B006 /* Frameworks */,
				EFD03DDE23FFEF1E0063B006 /* Resources */,
			);
			buildRules = (
			);
			dependencies = (
			);
			name = SwiftWars;
			productName = SwiftWars;
			productReference = EFD03DE023FFEF1E0063B006 /* SwiftWars.app */;
			productType = "com.apple.product-type.application";
		};
/* End PBXNativeTarget section */

/* Begin PBXProject section */
		EFD03DD823FFEF1E0063B006 /* Project object */ = {
			isa = PBXProject;
			attributes = {
				LastSwiftUpdateCheck = 1130;
				LastUpgradeCheck = 1130;
				ORGANIZATIONNAME = "AO Tinkoff";
				TargetAttributes = {
					EFD03DDF23FFEF1E0063B006 = {
						CreatedOnToolsVersion = 11.3.1;
					};
				};
			};
			buildConfigurationList = EFD03DDB23FFEF1E0063B006 /* Build configuration list for PBXProject "SwiftWars" */;
			compatibilityVersion = "Xcode 9.3";
			developmentRegion = en;
			hasScannedForEncodings = 0;
			knownRegions = (
				en,
				Base,
				ru,
			);
			mainGroup = EFD03DD723FFEF1E0063B006;
			productRefGroup = EFD03DE123FFEF1E0063B006 /* Products */;
			projectDirPath = "";
			projectRoot = "";
			targets = (
				EFD03DDF23FFEF1E0063B006 /* SwiftWars */,
			);
		};
/* End PBXProject section */

/* Begin PBXResourcesBuildPhase section */
		EFD03DDE23FFEF1E0063B006 /* Resources */ = {
			isa = PBXResourcesBuildPhase;
			buildActionMask = 2147483647;
			files = (
				EFD03DFC23FFF1380063B006 /* Localizable.strings in Resources */,
				EFD03E0123FFF6F00063B006 /* movies.json in Resources */,
				EFD03DF023FFEF1F0063B006 /* LaunchScreen.storyboard in Resources */,
				EFD03DED23FFEF1F0063B006 /* Preview Assets.xcassets in Resources */,
				EFD03DEA23FFEF1F0063B006 /* Assets.xcassets in Resources */,
			);
			runOnlyForDeploymentPostprocessing = 0;
		};
/* End PBXResourcesBuildPhase section */

/* Begin PBXSourcesBuildPhase section */
		EFD03DDC23FFEF1E0063B006 /* Sources */ = {
			isa = PBXSourcesBuildPhase;
			buildActionMask = 2147483647;
			files = (
				EFD03DE423FFEF1E0063B006 /* AppDelegate.swift in Sources */,
				EFD03DF823FFEFE90063B006 /* Resourse.swift in Sources */,
				DB681962240C742800D56DD1 /* MoviesService.swift in Sources */,
				EFD03DE623FFEF1E0063B006 /* SceneDelegate.swift in Sources */,
				EFD03DE823FFEF1E0063B006 /* ContentView.swift in Sources */,
				DB931E1A24100453007663A0 /* EnvironmentValues.swift in Sources */,
				DB681964240C7C8500D56DD1 /* Extension.swift in Sources */,
			);
			runOnlyForDeploymentPostprocessing = 0;
		};
/* End PBXSourcesBuildPhase section */

/* Begin PBXVariantGroup section */
		EFD03DEE23FFEF1F0063B006 /* LaunchScreen.storyboard */ = {
			isa = PBXVariantGroup;
			children = (
				EFD03DEF23FFEF1F0063B006 /* Base */,
				EFD03DF923FFF0FF0063B006 /* ru */,
			);
			name = LaunchScreen.storyboard;
			sourceTree = "<group>";
		};
		EFD03DFE23FFF1380063B006 /* Localizable.strings */ = {
			isa = PBXVariantGroup;
			children = (
				EFD03DFD23FFF1380063B006 /* en */,
				EFD03DFF23FFF13B0063B006 /* ru */,
			);
			name = Localizable.strings;
			sourceTree = "<group>";
		};
/* End PBXVariantGroup section */

/* Begin XCBuildConfiguration section */
		EFD03DF223FFEF1F0063B006 /* Debug */ = {
			isa = XCBuildConfiguration;
			buildSettings = {
				ALWAYS_SEARCH_USER_PATHS = NO;
				CLANG_ANALYZER_LOCALIZABILITY_NONLOCALIZED = YES;
				CLANG_ANALYZER_NONNULL = YES;
				CLANG_ANALYZER_NUMBER_OBJECT_CONVERSION = YES_AGGRESSIVE;
				CLANG_CXX_LANGUAGE_STANDARD = "gnu++14";
				CLANG_CXX_LIBRARY = "libc++";
				CLANG_ENABLE_MODULES = YES;
				CLANG_ENABLE_OBJC_ARC = YES;
				CLANG_ENABLE_OBJC_WEAK = YES;
				CLANG_WARN_BLOCK_CAPTURE_AUTORELEASING = YES;
				CLANG_WARN_BOOL_CONVERSION = YES;
				CLANG_WARN_COMMA = YES;
				CLANG_WARN_CONSTANT_CONVERSION = YES;
				CLANG_WARN_DEPRECATED_OBJC_IMPLEMENTATIONS = YES;
				CLANG_WARN_DIRECT_OBJC_ISA_USAGE = YES_ERROR;
				CLANG_WARN_DOCUMENTATION_COMMENTS = YES;
				CLANG_WARN_EMPTY_BODY = YES;
				CLANG_WARN_ENUM_CONVERSION = YES;
				CLANG_WARN_INFINITE_RECURSION = YES;
				CLANG_WARN_INT_CONVERSION = YES;
				CLANG_WARN_NON_LITERAL_NULL_CONVERSION = YES;
				CLANG_WARN_OBJC_IMPLICIT_RETAIN_SELF = YES;
				CLANG_WARN_OBJC_LITERAL_CONVERSION = YES;
				CLANG_WARN_OBJC_ROOT_CLASS = YES_ERROR;
				CLANG_WARN_RANGE_LOOP_ANALYSIS = YES;
				CLANG_WARN_STRICT_PROTOTYPES = YES;
				CLANG_WARN_SUSPICIOUS_MOVE = YES;
				CLANG_WARN_UNGUARDED_AVAILABILITY = YES_AGGRESSIVE;
				CLANG_WARN_UNREACHABLE_CODE = YES;
				CLANG_WARN__DUPLICATE_METHOD_MATCH = YES;
				COPY_PHASE_STRIP = NO;
				DEBUG_INFORMATION_FORMAT = dwarf;
				ENABLE_STRICT_OBJC_MSGSEND = YES;
				ENABLE_TESTABILITY = YES;
				GCC_C_LANGUAGE_STANDARD = gnu11;
				GCC_DYNAMIC_NO_PIC = NO;
				GCC_NO_COMMON_BLOCKS = YES;
				GCC_OPTIMIZATION_LEVEL = 0;
				GCC_PREPROCESSOR_DEFINITIONS = (
					"DEBUG=1",
					"$(inherited)",
				);
				GCC_WARN_64_TO_32_BIT_CONVERSION = YES;
				GCC_WARN_ABOUT_RETURN_TYPE = YES_ERROR;
				GCC_WARN_UNDECLARED_SELECTOR = YES;
				GCC_WARN_UNINITIALIZED_AUTOS = YES_AGGRESSIVE;
				GCC_WARN_UNUSED_FUNCTION = YES;
				GCC_WARN_UNUSED_VARIABLE = YES;
				IPHONEOS_DEPLOYMENT_TARGET = 13.2;
				MTL_ENABLE_DEBUG_INFO = INCLUDE_SOURCE;
				MTL_FAST_MATH = YES;
				ONLY_ACTIVE_ARCH = YES;
				SDKROOT = iphoneos;
				SWIFT_ACTIVE_COMPILATION_CONDITIONS = DEBUG;
				SWIFT_OPTIMIZATION_LEVEL = "-Onone";
			};
			name = Debug;
		};
		EFD03DF323FFEF1F0063B006 /* Release */ = {
			isa = XCBuildConfiguration;
			buildSettings = {
				ALWAYS_SEARCH_USER_PATHS = NO;
				CLANG_ANALYZER_LOCALIZABILITY_NONLOCALIZED = YES;
				CLANG_ANALYZER_NONNULL = YES;
				CLANG_ANALYZER_NUMBER_OBJECT_CONVERSION = YES_AGGRESSIVE;
				CLANG_CXX_LANGUAGE_STANDARD = "gnu++14";
				CLANG_CXX_LIBRARY = "libc++";
				CLANG_ENABLE_MODULES = YES;
				CLANG_ENABLE_OBJC_ARC = YES;
				CLANG_ENABLE_OBJC_WEAK = YES;
				CLANG_WARN_BLOCK_CAPTURE_AUTORELEASING = YES;
				CLANG_WARN_BOOL_CONVERSION = YES;
				CLANG_WARN_COMMA = YES;
				CLANG_WARN_CONSTANT_CONVERSION = YES;
				CLANG_WARN_DEPRECATED_OBJC_IMPLEMENTATIONS = YES;
				CLANG_WARN_DIRECT_OBJC_ISA_USAGE = YES_ERROR;
				CLANG_WARN_DOCUMENTATION_COMMENTS = YES;
				CLANG_WARN_EMPTY_BODY = YES;
				CLANG_WARN_ENUM_CONVERSION = YES;
				CLANG_WARN_INFINITE_RECURSION = YES;
				CLANG_WARN_INT_CONVERSION = YES;
				CLANG_WARN_NON_LITERAL_NULL_CONVERSION = YES;
				CLANG_WARN_OBJC_IMPLICIT_RETAIN_SELF = YES;
				CLANG_WARN_OBJC_LITERAL_CONVERSION = YES;
				CLANG_WARN_OBJC_ROOT_CLASS = YES_ERROR;
				CLANG_WARN_RANGE_LOOP_ANALYSIS = YES;
				CLANG_WARN_STRICT_PROTOTYPES = YES;
				CLANG_WARN_SUSPICIOUS_MOVE = YES;
				CLANG_WARN_UNGUARDED_AVAILABILITY = YES_AGGRESSIVE;
				CLANG_WARN_UNREACHABLE_CODE = YES;
				CLANG_WARN__DUPLICATE_METHOD_MATCH = YES;
				COPY_PHASE_STRIP = NO;
				DEBUG_INFORMATION_FORMAT = "dwarf-with-dsym";
				ENABLE_NS_ASSERTIONS = NO;
				ENABLE_STRICT_OBJC_MSGSEND = YES;
				GCC_C_LANGUAGE_STANDARD = gnu11;
				GCC_NO_COMMON_BLOCKS = YES;
				GCC_WARN_64_TO_32_BIT_CONVERSION = YES;
				GCC_WARN_ABOUT_RETURN_TYPE = YES_ERROR;
				GCC_WARN_UNDECLARED_SELECTOR = YES;
				GCC_WARN_UNINITIALIZED_AUTOS = YES_AGGRESSIVE;
				GCC_WARN_UNUSED_FUNCTION = YES;
				GCC_WARN_UNUSED_VARIABLE = YES;
				IPHONEOS_DEPLOYMENT_TARGET = 13.2;
				MTL_ENABLE_DEBUG_INFO = NO;
				MTL_FAST_MATH = YES;
				SDKROOT = iphoneos;
				SWIFT_COMPILATION_MODE = wholemodule;
				SWIFT_OPTIMIZATION_LEVEL = "-O";
				VALIDATE_PRODUCT = YES;
			};
			name = Release;
		};
		EFD03DF523FFEF1F0063B006 /* Debug */ = {
			isa = XCBuildConfiguration;
			buildSettings = {
				ASSETCATALOG_COMPILER_APPICON_NAME = AppIcon;
				CODE_SIGN_STYLE = Automatic;
				CURRENT_PROJECT_VERSION = 1;
				DEVELOPMENT_ASSET_PATHS = "\"SwiftWars/SupportResources/Preview Content\"";
				DEVELOPMENT_TEAM = 8PYCRS3EA3;
				ENABLE_PREVIEWS = YES;
				INFOPLIST_FILE = "$(SRCROOT)/SwiftWars/SupportResources/Info.plist";
				LD_RUNPATH_SEARCH_PATHS = (
					"$(inherited)",
					"@executable_path/Frameworks",
				);
				MARKETING_VERSION = 1;
				PRODUCT_BUNDLE_IDENTIFIER = ru.tinkoff.SwiftWars;
				PRODUCT_NAME = "$(TARGET_NAME)";
				SWIFT_VERSION = 5.0;
				TARGETED_DEVICE_FAMILY = "1,2";
			};
			name = Debug;
		};
		EFD03DF623FFEF1F0063B006 /* Release */ = {
			isa = XCBuildConfiguration;
			buildSettings = {
				ASSETCATALOG_COMPILER_APPICON_NAME = AppIcon;
				CODE_SIGN_STYLE = Automatic;
				CURRENT_PROJECT_VERSION = 1;
				DEVELOPMENT_ASSET_PATHS = "\"SwiftWars/SupportResources/Preview Content\"";
				DEVELOPMENT_TEAM = 8PYCRS3EA3;
				ENABLE_PREVIEWS = YES;
				INFOPLIST_FILE = "$(SRCROOT)/SwiftWars/SupportResources/Info.plist";
				LD_RUNPATH_SEARCH_PATHS = (
					"$(inherited)",
					"@executable_path/Frameworks",
				);
				MARKETING_VERSION = 1;
				PRODUCT_BUNDLE_IDENTIFIER = ru.tinkoff.SwiftWars;
				PRODUCT_NAME = "$(TARGET_NAME)";
				SWIFT_VERSION = 5.0;
				TARGETED_DEVICE_FAMILY = "1,2";
			};
			name = Release;
		};
/* End XCBuildConfiguration section */

/* Begin XCConfigurationList section */
		EFD03DDB23FFEF1E0063B006 /* Build configuration list for PBXProject "SwiftWars" */ = {
			isa = XCConfigurationList;
			buildConfigurations = (
				EFD03DF223FFEF1F0063B006 /* Debug */,
				EFD03DF323FFEF1F0063B006 /* Release */,
			);
			defaultConfigurationIsVisible = 0;
			defaultConfigurationName = Release;
		};
		EFD03DF423FFEF1F0063B006 /* Build configuration list for PBXNativeTarget "SwiftWars" */ = {
			isa = XCConfigurationList;
			buildConfigurations = (
				EFD03DF523FFEF1F0063B006 /* Debug */,
				EFD03DF623FFEF1F0063B006 /* Release */,
			);
			defaultConfigurationIsVisible = 0;
			defaultConfigurationName = Release;
		};
/* End XCConfigurationList section */
	};
	rootObject = EFD03DD823FFEF1E0063B006 /* Project object */;
}
